PODS:
  - GMYHotSpotView (1.0.1.0):
    - GMYHotSpotView/Category (= 1.0.1.0)
    - GMYHotSpotView/Layout (= 1.0.1.0)
    - GMYHotSpotView/Model (= 1.0.1.0)
  - GMYHotSpotView/Category (1.0.1.0)
  - GMYHotSpotView/Layout (1.0.1.0)
  - GMYHotSpotView/Model (1.0.1.0)

DEPENDENCIES:
  - GMYHotSpotView (= 1.0.1.0)

SPEC CHECKSUMS:
  GMYHotSpotView: 18ee3150ffd62a99d03dc5702501b4ab30544dbd

COCOAPODS: 0.35.0
